
Microsoft Visual Studio Solution File, Format Version 12.00
# Visual Studio 15
VisualStudioVersion = 15.0.26403.7
MinimumVisualStudioVersion = 10.0.40219.1
Project("{2150E333-8FDC-42A3-9474-1A3956D46DE8}") = "App", "App", "{CA73E1B2-A589-47A5-BFF6-54B9C6C823D3}"
EndProject
Project("{FAE04EC0-301F-11D3-BF4B-00C04F79EFBC}") = "Sample", "Sample\Sample.csproj", "{0E2028A5-4239-4014-9419-2CEBC158FE9C}"
EndProject
Global
	GlobalSection(SolutionConfigurationPlatforms) = preSolution
		Debug|Any CPU = Debug|Any CPU
		Release|Any CPU = Release|Any CPU
	EndGlobalSection
	GlobalSection(ProjectConfigurationPlatforms) = postSolution
		{0E2028A5-4239-4014-9419-2CEBC158FE9C}.Debug|Any CPU.ActiveCfg = Debug|Any CPU
		{0E2028A5-4239-4014-9419-2CEBC158FE9C}.Debug|Any CPU.Build.0 = Debug|Any CPU
		{0E2028A5-4239-4014-9419-2CEBC158FE9C}.Release|Any CPU.ActiveCfg = Release|Any CPU
		{0E2028A5-4239-4014-9419-2CEBC158FE9C}.Release|Any CPU.Build.0 = Release|Any CPU
	EndGlobalSection
	GlobalSection(SolutionProperties) = preSolution
		HideSolutionNode = FALSE
	EndGlobalSection
	GlobalSection(NestedProjects) = preSolution
		{0E2028A5-4239-4014-9419-2CEBC158FE9C} = {CA73E1B2-A589-47A5-BFF6-54B9C6C823D3}
	EndGlobalSection
EndGlobal
