
Microsoft Visual Studio Solution File, Format Version 12.00
# Visual Studio 15
VisualStudioVersion = 15.0.26430.4
MinimumVisualStudioVersion = 10.0.40219.1
Project("{2150E333-8FDC-42A3-9474-1A3956D46DE8}") = "Libs", "Libs", "{C78DFF94-3A6F-4AAE-9A75-67F762C2E07B}"
EndProject
Project("{2150E333-8FDC-42A3-9474-1A3956D46DE8}") = "Examples", "Examples", "{5768ACFE-217B-42F8-91E2-3DA9828EEE6C}"
EndProject
Project("{888888A0-9F3D-457C-B088-3A5042F75D52}") = "SconsBuild", "SconsBuild\SconsBuild.pyproj", "{764DF767-BAE5-46F9-B2AC-548A22D02E0C}"
EndProject
Project("{9A19103F-16F7-4668-BE54-9A1E7A4F7556}") = "Atk", "..\Source\Libs\Atk\Atk.csproj", "{5D6738A3-F36B-4A06-B10B-942FC0B82A1F}"
EndProject
Project("{9A19103F-16F7-4668-BE54-9A1E7A4F7556}") = "Cairo", "..\Source\Libs\Cairo\Cairo.csproj", "{AC8F26F2-EA13-448D-94DE-92A282539D57}"
EndProject
Project("{9A19103F-16F7-4668-BE54-9A1E7A4F7556}") = "Gdk", "..\Source\Libs\Gdk\Gdk.csproj", "{AA683A97-17E9-4043-9C2E-8390322AA17C}"
EndProject
Project("{9A19103F-16F7-4668-BE54-9A1E7A4F7556}") = "Gio", "..\Source\Libs\Gio\Gio.csproj", "{61F7B59F-B391-433F-B973-0B93C6663B94}"
EndProject
Project("{9A19103F-16F7-4668-BE54-9A1E7A4F7556}") = "GLib", "..\Source\Libs\GLib\GLib.csproj", "{1E2E8640-8F51-4BFE-BB7B-CA851D1E7561}"
EndProject
Project("{9A19103F-16F7-4668-BE54-9A1E7A4F7556}") = "Gtk", "..\Source\Libs\Gtk\Gtk.csproj", "{F33B5FFB-8157-4491-9BC5-D26ABC0D3BD0}"
EndProject
Project("{9A19103F-16F7-4668-BE54-9A1E7A4F7556}") = "Gtk.DotNet", "..\Source\Libs\Gtk.DotNet\Gtk.DotNet.csproj", "{2ABC8B50-9F7D-4D88-B450-EB25E30E021B}"
EndProject
Project("{9A19103F-16F7-4668-BE54-9A1E7A4F7556}") = "Pango", "..\Source\Libs\Pango\Pango.csproj", "{FAC73E87-01D0-44AE-8B2C-27BC1CF16A24}"
EndProject
Project("{9A19103F-16F7-4668-BE54-9A1E7A4F7556}") = "TestApp1", "..\Source\Examples\TestApp1\TestApp1.csproj", "{D4F5AED8-A249-4E3C-B685-11E5456C7F39}"
EndProject
Global
	GlobalSection(SolutionConfigurationPlatforms) = preSolution
		Debug|Any CPU = Debug|Any CPU
		Release|Any CPU = Release|Any CPU
	EndGlobalSection
	GlobalSection(ProjectConfigurationPlatforms) = postSolution
		{764DF767-BAE5-46F9-B2AC-548A22D02E0C}.Debug|Any CPU.ActiveCfg = Debug|Any CPU
		{764DF767-BAE5-46F9-B2AC-548A22D02E0C}.Release|Any CPU.ActiveCfg = Release|Any CPU
		{5D6738A3-F36B-4A06-B10B-942FC0B82A1F}.Debug|Any CPU.ActiveCfg = Debug|Any CPU
		{5D6738A3-F36B-4A06-B10B-942FC0B82A1F}.Debug|Any CPU.Build.0 = Debug|Any CPU
		{5D6738A3-F36B-4A06-B10B-942FC0B82A1F}.Release|Any CPU.ActiveCfg = Release|Any CPU
		{5D6738A3-F36B-4A06-B10B-942FC0B82A1F}.Release|Any CPU.Build.0 = Release|Any CPU
		{AC8F26F2-EA13-448D-94DE-92A282539D57}.Debug|Any CPU.ActiveCfg = Debug|Any CPU
		{AC8F26F2-EA13-448D-94DE-92A282539D57}.Debug|Any CPU.Build.0 = Debug|Any CPU
		{AC8F26F2-EA13-448D-94DE-92A282539D57}.Release|Any CPU.ActiveCfg = Release|Any CPU
		{AC8F26F2-EA13-448D-94DE-92A282539D57}.Release|Any CPU.Build.0 = Release|Any CPU
		{AA683A97-17E9-4043-9C2E-8390322AA17C}.Debug|Any CPU.ActiveCfg = Debug|Any CPU
		{AA683A97-17E9-4043-9C2E-8390322AA17C}.Debug|Any CPU.Build.0 = Debug|Any CPU
		{AA683A97-17E9-4043-9C2E-8390322AA17C}.Release|Any CPU.ActiveCfg = Release|Any CPU
		{AA683A97-17E9-4043-9C2E-8390322AA17C}.Release|Any CPU.Build.0 = Release|Any CPU
		{61F7B59F-B391-433F-B973-0B93C6663B94}.Debug|Any CPU.ActiveCfg = Debug|Any CPU
		{61F7B59F-B391-433F-B973-0B93C6663B94}.Debug|Any CPU.Build.0 = Debug|Any CPU
		{61F7B59F-B391-433F-B973-0B93C6663B94}.Release|Any CPU.ActiveCfg = Release|Any CPU
		{61F7B59F-B391-433F-B973-0B93C6663B94}.Release|Any CPU.Build.0 = Release|Any CPU
		{1E2E8640-8F51-4BFE-BB7B-CA851D1E7561}.Debug|Any CPU.ActiveCfg = Debug|Any CPU
		{1E2E8640-8F51-4BFE-BB7B-CA851D1E7561}.Debug|Any CPU.Build.0 = Debug|Any CPU
		{1E2E8640-8F51-4BFE-BB7B-CA851D1E7561}.Release|Any CPU.ActiveCfg = Release|Any CPU
		{1E2E8640-8F51-4BFE-BB7B-CA851D1E7561}.Release|Any CPU.Build.0 = Release|Any CPU
		{F33B5FFB-8157-4491-9BC5-D26ABC0D3BD0}.Debug|Any CPU.ActiveCfg = Debug|Any CPU
		{F33B5FFB-8157-4491-9BC5-D26ABC0D3BD0}.Debug|Any CPU.Build.0 = Debug|Any CPU
		{F33B5FFB-8157-4491-9BC5-D26ABC0D3BD0}.Release|Any CPU.ActiveCfg = Release|Any CPU
		{F33B5FFB-8157-4491-9BC5-D26ABC0D3BD0}.Release|Any CPU.Build.0 = Release|Any CPU
		{2ABC8B50-9F7D-4D88-B450-EB25E30E021B}.Debug|Any CPU.ActiveCfg = Debug|Any CPU
		{2ABC8B50-9F7D-4D88-B450-EB25E30E021B}.Debug|Any CPU.Build.0 = Debug|Any CPU
		{2ABC8B50-9F7D-4D88-B450-EB25E30E021B}.Release|Any CPU.ActiveCfg = Release|Any CPU
		{2ABC8B50-9F7D-4D88-B450-EB25E30E021B}.Release|Any CPU.Build.0 = Release|Any CPU
		{FAC73E87-01D0-44AE-8B2C-27BC1CF16A24}.Debug|Any CPU.ActiveCfg = Debug|Any CPU
		{FAC73E87-01D0-44AE-8B2C-27BC1CF16A24}.Debug|Any CPU.Build.0 = Debug|Any CPU
		{FAC73E87-01D0-44AE-8B2C-27BC1CF16A24}.Release|Any CPU.ActiveCfg = Release|Any CPU
		{FAC73E87-01D0-44AE-8B2C-27BC1CF16A24}.Release|Any CPU.Build.0 = Release|Any CPU
		{D4F5AED8-A249-4E3C-B685-11E5456C7F39}.Debug|Any CPU.ActiveCfg = Debug|Any CPU
		{D4F5AED8-A249-4E3C-B685-11E5456C7F39}.Debug|Any CPU.Build.0 = Debug|Any CPU
		{D4F5AED8-A249-4E3C-B685-11E5456C7F39}.Release|Any CPU.ActiveCfg = Release|Any CPU
		{D4F5AED8-A249-4E3C-B685-11E5456C7F39}.Release|Any CPU.Build.0 = Release|Any CPU
	EndGlobalSection
	GlobalSection(SolutionProperties) = preSolution
		HideSolutionNode = FALSE
	EndGlobalSection
	GlobalSection(NestedProjects) = preSolution
		{5D6738A3-F36B-4A06-B10B-942FC0B82A1F} = {C78DFF94-3A6F-4AAE-9A75-67F762C2E07B}
		{AC8F26F2-EA13-448D-94DE-92A282539D57} = {C78DFF94-3A6F-4AAE-9A75-67F762C2E07B}
		{AA683A97-17E9-4043-9C2E-8390322AA17C} = {C78DFF94-3A6F-4AAE-9A75-67F762C2E07B}
		{61F7B59F-B391-433F-B973-0B93C6663B94} = {C78DFF94-3A6F-4AAE-9A75-67F762C2E07B}
		{1E2E8640-8F51-4BFE-BB7B-CA851D1E7561} = {C78DFF94-3A6F-4AAE-9A75-67F762C2E07B}
		{F33B5FFB-8157-4491-9BC5-D26ABC0D3BD0} = {C78DFF94-3A6F-4AAE-9A75-67F762C2E07B}
		{2ABC8B50-9F7D-4D88-B450-EB25E30E021B} = {C78DFF94-3A6F-4AAE-9A75-67F762C2E07B}
		{FAC73E87-01D0-44AE-8B2C-27BC1CF16A24} = {C78DFF94-3A6F-4AAE-9A75-67F762C2E07B}
		{D4F5AED8-A249-4E3C-B685-11E5456C7F39} = {5768ACFE-217B-42F8-91E2-3DA9828EEE6C}
	EndGlobalSection
EndGlobal
