
Microsoft Visual Studio Solution File, Format Version 12.00
# Visual Studio 15
VisualStudioVersion = 15.0.26430.4
MinimumVisualStudioVersion = 10.0.40219.1
Project("{2150E333-8FDC-42A3-9474-1A3956D46DE8}") = "Tools", "Tools", "{F69CBFF8-311F-4298-8DC9-1751B442C272}"
EndProject
Project("{888888A0-9F3D-457C-B088-3A5042F75D52}") = "Parser", "Tools\Parser\Parser.pyproj", "{63D73D10-95B7-4122-9CA0-564340F0A899}"
EndProject
Project("{888888A0-9F3D-457C-B088-3A5042F75D52}") = "Sources", "Tools\Sources\Sources.pyproj", "{307AEECC-C511-46B9-879E-5F5C9D90BA2A}"
EndProject
Project("{888888A0-9F3D-457C-B088-3A5042F75D52}") = "Generator", "Tools\Generator\Generator.pyproj", "{2B156476-6932-4498-9B2D-0F0D3E66162B}"
EndProject
Project("{888888A0-9F3D-457C-B088-3A5042F75D52}") = "SconsBuild", "SconsBuild\SconsBuild.pyproj", "{764DF767-BAE5-46F9-B2AC-548A22D02E0C}"
EndProject
Project("{2150E333-8FDC-42A3-9474-1A3956D46DE8}") = "Libs", "Libs", "{B32458DD-E7C5-4F60-BBF2-C4E3BDFEF861}"
EndProject
Project("{2150E333-8FDC-42A3-9474-1A3956D46DE8}") = "Generatorcs", "Generatorcs", "{FEC0F86C-11A0-4170-9FB6-DAE37DC4760E}"
EndProject
Project("{9A19103F-16F7-4668-BE54-9A1E7A4F7556}") = "GtkSharp.CodeFixup", "..\Tools\generator\GtkSharp.CodeFixup\GtkSharp.CodeFixup.csproj", "{C28E5E72-6C8F-42E0-8F8B-AC0EBBCBF587}"
EndProject
Project("{9A19103F-16F7-4668-BE54-9A1E7A4F7556}") = "GtkSharp.CodeGen", "..\Tools\generator\GtkSharp.CodeGen\GtkSharp.CodeGen.csproj", "{CDFD304B-42C0-4506-897A-0D32B6BBC8CE}"
EndProject
Project("{2150E333-8FDC-42A3-9474-1A3956D46DE8}") = "Source", "Source", "{BF1E5E05-187F-4283-AFCE-87AB7C3791CE}"
EndProject
Project("{9A19103F-16F7-4668-BE54-9A1E7A4F7556}") = "Atk", "..\Source\Libs\Atk\Atk.csproj", "{73BEBB4F-7132-4CE5-8762-82640515A807}"
EndProject
Project("{9A19103F-16F7-4668-BE54-9A1E7A4F7556}") = "Cairo", "..\Source\Libs\Cairo\Cairo.csproj", "{F167DE55-539A-44F8-A75C-69D86EDD48FA}"
EndProject
Project("{9A19103F-16F7-4668-BE54-9A1E7A4F7556}") = "Gdk", "..\Source\Libs\Gdk\Gdk.csproj", "{79360384-3B6D-4BA4-ACB1-B885D939F0B6}"
EndProject
Project("{9A19103F-16F7-4668-BE54-9A1E7A4F7556}") = "Gio", "..\Source\Libs\Gio\Gio.csproj", "{5729F6A6-1154-4A27-B1F1-5290DEDE32C7}"
EndProject
Project("{9A19103F-16F7-4668-BE54-9A1E7A4F7556}") = "GLib", "..\Source\Libs\GLib\GLib.csproj", "{9DCE000C-49FF-46CC-8646-195255C9FA31}"
EndProject
Project("{9A19103F-16F7-4668-BE54-9A1E7A4F7556}") = "Gtk", "..\Source\Libs\Gtk\Gtk.csproj", "{6B0DCF34-93A8-4044-898E-050023F3DAE0}"
EndProject
Project("{9A19103F-16F7-4668-BE54-9A1E7A4F7556}") = "Gtk.DotNet", "..\Source\Libs\Gtk.DotNet\Gtk.DotNet.csproj", "{268DEAAA-BBE8-453B-91BD-56ACDD5AA040}"
EndProject
Project("{9A19103F-16F7-4668-BE54-9A1E7A4F7556}") = "Pango", "..\Source\Libs\Pango\Pango.csproj", "{F752B88E-8FE2-4C32-B197-8A178483AB02}"
EndProject
Project("{2150E333-8FDC-42A3-9474-1A3956D46DE8}") = "Examples", "Examples", "{4A7286C5-50C6-4771-A80F-D43E6CF7F76D}"
EndProject
Project("{FAE04EC0-301F-11D3-BF4B-00C04F79EFBC}") = "TestApp1", "..\Source\Examples\TestApp1\TestApp1.csproj", "{2CA39F0D-22F7-4987-AA66-AF6D69BCA6C4}"
EndProject
Global
	GlobalSection(SolutionConfigurationPlatforms) = preSolution
		Debug|Any CPU = Debug|Any CPU
		Release|Any CPU = Release|Any CPU
	EndGlobalSection
	GlobalSection(ProjectConfigurationPlatforms) = postSolution
		{63D73D10-95B7-4122-9CA0-564340F0A899}.Debug|Any CPU.ActiveCfg = Debug|Any CPU
		{63D73D10-95B7-4122-9CA0-564340F0A899}.Release|Any CPU.ActiveCfg = Release|Any CPU
		{307AEECC-C511-46B9-879E-5F5C9D90BA2A}.Debug|Any CPU.ActiveCfg = Debug|Any CPU
		{307AEECC-C511-46B9-879E-5F5C9D90BA2A}.Release|Any CPU.ActiveCfg = Release|Any CPU
		{2B156476-6932-4498-9B2D-0F0D3E66162B}.Debug|Any CPU.ActiveCfg = Debug|Any CPU
		{2B156476-6932-4498-9B2D-0F0D3E66162B}.Release|Any CPU.ActiveCfg = Release|Any CPU
		{764DF767-BAE5-46F9-B2AC-548A22D02E0C}.Debug|Any CPU.ActiveCfg = Debug|Any CPU
		{764DF767-BAE5-46F9-B2AC-548A22D02E0C}.Release|Any CPU.ActiveCfg = Release|Any CPU
		{C28E5E72-6C8F-42E0-8F8B-AC0EBBCBF587}.Debug|Any CPU.ActiveCfg = Debug|Any CPU
		{C28E5E72-6C8F-42E0-8F8B-AC0EBBCBF587}.Debug|Any CPU.Build.0 = Debug|Any CPU
		{C28E5E72-6C8F-42E0-8F8B-AC0EBBCBF587}.Release|Any CPU.ActiveCfg = Release|Any CPU
		{C28E5E72-6C8F-42E0-8F8B-AC0EBBCBF587}.Release|Any CPU.Build.0 = Release|Any CPU
		{CDFD304B-42C0-4506-897A-0D32B6BBC8CE}.Debug|Any CPU.ActiveCfg = Debug|Any CPU
		{CDFD304B-42C0-4506-897A-0D32B6BBC8CE}.Debug|Any CPU.Build.0 = Debug|Any CPU
		{CDFD304B-42C0-4506-897A-0D32B6BBC8CE}.Release|Any CPU.ActiveCfg = Release|Any CPU
		{CDFD304B-42C0-4506-897A-0D32B6BBC8CE}.Release|Any CPU.Build.0 = Release|Any CPU
		{73BEBB4F-7132-4CE5-8762-82640515A807}.Debug|Any CPU.ActiveCfg = Debug|Any CPU
		{73BEBB4F-7132-4CE5-8762-82640515A807}.Debug|Any CPU.Build.0 = Debug|Any CPU
		{73BEBB4F-7132-4CE5-8762-82640515A807}.Release|Any CPU.ActiveCfg = Release|Any CPU
		{73BEBB4F-7132-4CE5-8762-82640515A807}.Release|Any CPU.Build.0 = Release|Any CPU
		{F167DE55-539A-44F8-A75C-69D86EDD48FA}.Debug|Any CPU.ActiveCfg = Debug|Any CPU
		{F167DE55-539A-44F8-A75C-69D86EDD48FA}.Debug|Any CPU.Build.0 = Debug|Any CPU
		{F167DE55-539A-44F8-A75C-69D86EDD48FA}.Release|Any CPU.ActiveCfg = Release|Any CPU
		{F167DE55-539A-44F8-A75C-69D86EDD48FA}.Release|Any CPU.Build.0 = Release|Any CPU
		{79360384-3B6D-4BA4-ACB1-B885D939F0B6}.Debug|Any CPU.ActiveCfg = Debug|Any CPU
		{79360384-3B6D-4BA4-ACB1-B885D939F0B6}.Debug|Any CPU.Build.0 = Debug|Any CPU
		{79360384-3B6D-4BA4-ACB1-B885D939F0B6}.Release|Any CPU.ActiveCfg = Release|Any CPU
		{79360384-3B6D-4BA4-ACB1-B885D939F0B6}.Release|Any CPU.Build.0 = Release|Any CPU
		{5729F6A6-1154-4A27-B1F1-5290DEDE32C7}.Debug|Any CPU.ActiveCfg = Debug|Any CPU
		{5729F6A6-1154-4A27-B1F1-5290DEDE32C7}.Debug|Any CPU.Build.0 = Debug|Any CPU
		{5729F6A6-1154-4A27-B1F1-5290DEDE32C7}.Release|Any CPU.ActiveCfg = Release|Any CPU
		{5729F6A6-1154-4A27-B1F1-5290DEDE32C7}.Release|Any CPU.Build.0 = Release|Any CPU
		{9DCE000C-49FF-46CC-8646-195255C9FA31}.Debug|Any CPU.ActiveCfg = Debug|Any CPU
		{9DCE000C-49FF-46CC-8646-195255C9FA31}.Debug|Any CPU.Build.0 = Debug|Any CPU
		{9DCE000C-49FF-46CC-8646-195255C9FA31}.Release|Any CPU.ActiveCfg = Release|Any CPU
		{9DCE000C-49FF-46CC-8646-195255C9FA31}.Release|Any CPU.Build.0 = Release|Any CPU
		{6B0DCF34-93A8-4044-898E-050023F3DAE0}.Debug|Any CPU.ActiveCfg = Debug|Any CPU
		{6B0DCF34-93A8-4044-898E-050023F3DAE0}.Debug|Any CPU.Build.0 = Debug|Any CPU
		{6B0DCF34-93A8-4044-898E-050023F3DAE0}.Release|Any CPU.ActiveCfg = Release|Any CPU
		{6B0DCF34-93A8-4044-898E-050023F3DAE0}.Release|Any CPU.Build.0 = Release|Any CPU
		{268DEAAA-BBE8-453B-91BD-56ACDD5AA040}.Debug|Any CPU.ActiveCfg = Debug|Any CPU
		{268DEAAA-BBE8-453B-91BD-56ACDD5AA040}.Debug|Any CPU.Build.0 = Debug|Any CPU
		{268DEAAA-BBE8-453B-91BD-56ACDD5AA040}.Release|Any CPU.ActiveCfg = Release|Any CPU
		{268DEAAA-BBE8-453B-91BD-56ACDD5AA040}.Release|Any CPU.Build.0 = Release|Any CPU
		{F752B88E-8FE2-4C32-B197-8A178483AB02}.Debug|Any CPU.ActiveCfg = Debug|Any CPU
		{F752B88E-8FE2-4C32-B197-8A178483AB02}.Debug|Any CPU.Build.0 = Debug|Any CPU
		{F752B88E-8FE2-4C32-B197-8A178483AB02}.Release|Any CPU.ActiveCfg = Release|Any CPU
		{F752B88E-8FE2-4C32-B197-8A178483AB02}.Release|Any CPU.Build.0 = Release|Any CPU
		{2CA39F0D-22F7-4987-AA66-AF6D69BCA6C4}.Debug|Any CPU.ActiveCfg = Debug|Any CPU
		{2CA39F0D-22F7-4987-AA66-AF6D69BCA6C4}.Debug|Any CPU.Build.0 = Debug|Any CPU
		{2CA39F0D-22F7-4987-AA66-AF6D69BCA6C4}.Release|Any CPU.ActiveCfg = Release|Any CPU
		{2CA39F0D-22F7-4987-AA66-AF6D69BCA6C4}.Release|Any CPU.Build.0 = Release|Any CPU
	EndGlobalSection
	GlobalSection(SolutionProperties) = preSolution
		HideSolutionNode = FALSE
	EndGlobalSection
	GlobalSection(NestedProjects) = preSolution
		{63D73D10-95B7-4122-9CA0-564340F0A899} = {F69CBFF8-311F-4298-8DC9-1751B442C272}
		{307AEECC-C511-46B9-879E-5F5C9D90BA2A} = {F69CBFF8-311F-4298-8DC9-1751B442C272}
		{2B156476-6932-4498-9B2D-0F0D3E66162B} = {F69CBFF8-311F-4298-8DC9-1751B442C272}
		{B32458DD-E7C5-4F60-BBF2-C4E3BDFEF861} = {BF1E5E05-187F-4283-AFCE-87AB7C3791CE}
		{FEC0F86C-11A0-4170-9FB6-DAE37DC4760E} = {F69CBFF8-311F-4298-8DC9-1751B442C272}
		{C28E5E72-6C8F-42E0-8F8B-AC0EBBCBF587} = {FEC0F86C-11A0-4170-9FB6-DAE37DC4760E}
		{CDFD304B-42C0-4506-897A-0D32B6BBC8CE} = {FEC0F86C-11A0-4170-9FB6-DAE37DC4760E}
		{73BEBB4F-7132-4CE5-8762-82640515A807} = {B32458DD-E7C5-4F60-BBF2-C4E3BDFEF861}
		{F167DE55-539A-44F8-A75C-69D86EDD48FA} = {B32458DD-E7C5-4F60-BBF2-C4E3BDFEF861}
		{79360384-3B6D-4BA4-ACB1-B885D939F0B6} = {B32458DD-E7C5-4F60-BBF2-C4E3BDFEF861}
		{5729F6A6-1154-4A27-B1F1-5290DEDE32C7} = {B32458DD-E7C5-4F60-BBF2-C4E3BDFEF861}
		{9DCE000C-49FF-46CC-8646-195255C9FA31} = {B32458DD-E7C5-4F60-BBF2-C4E3BDFEF861}
		{6B0DCF34-93A8-4044-898E-050023F3DAE0} = {B32458DD-E7C5-4F60-BBF2-C4E3BDFEF861}
		{268DEAAA-BBE8-453B-91BD-56ACDD5AA040} = {B32458DD-E7C5-4F60-BBF2-C4E3BDFEF861}
		{F752B88E-8FE2-4C32-B197-8A178483AB02} = {B32458DD-E7C5-4F60-BBF2-C4E3BDFEF861}
		{4A7286C5-50C6-4771-A80F-D43E6CF7F76D} = {BF1E5E05-187F-4283-AFCE-87AB7C3791CE}
		{2CA39F0D-22F7-4987-AA66-AF6D69BCA6C4} = {4A7286C5-50C6-4771-A80F-D43E6CF7F76D}
	EndGlobalSection
EndGlobal
